
Microsoft Visual Studio Solution File, Format Version 12.00
# Visual Studio 15
VisualStudioVersion = 15.0.26730.16
MinimumVisualStudioVersion = 10.0.40219.1
Project("{9A19103F-16F7-4668-BE54-9A1E7A4F7556}") = "WeHackSecrets", "WeHackSecrets\WeHackSecrets.csproj", "{12EF36B4-D2DF-4AF2-AC18-8E6D8C4A68E5}"
EndProject
Project("{FAE04EC0-301F-11D3-BF4B-00C04F79EFBC}") = "WeHackSecrets.Tests.Unit", "WeHackSecrets.Tests.Unit\WeHackSecrets.Tests.Unit.csproj", "{C14E2797-B08B-495C-865E-565F7F560C92}"
EndProject
Global
	GlobalSection(SolutionConfigurationPlatforms) = preSolution
		Debug|Any CPU = Debug|Any CPU
		Release|Any CPU = Release|Any CPU
	EndGlobalSection
	GlobalSection(ProjectConfigurationPlatforms) = postSolution
		{12EF36B4-D2DF-4AF2-AC18-8E6D8C4A68E5}.Debug|Any CPU.ActiveCfg = Debug|Any CPU
		{12EF36B4-D2DF-4AF2-AC18-8E6D8C4A68E5}.Debug|Any CPU.Build.0 = Debug|Any CPU
		{12EF36B4-D2DF-4AF2-AC18-8E6D8C4A68E5}.Release|Any CPU.ActiveCfg = Release|Any CPU
		{12EF36B4-D2DF-4AF2-AC18-8E6D8C4A68E5}.Release|Any CPU.Build.0 = Release|Any CPU
		{C14E2797-B08B-495C-865E-565F7F560C92}.Debug|Any CPU.ActiveCfg = Debug|Any CPU
		{C14E2797-B08B-495C-865E-565F7F560C92}.Debug|Any CPU.Build.0 = Debug|Any CPU
		{C14E2797-B08B-495C-865E-565F7F560C92}.Release|Any CPU.ActiveCfg = Release|Any CPU
		{C14E2797-B08B-495C-865E-565F7F560C92}.Release|Any CPU.Build.0 = Release|Any CPU
	EndGlobalSection
	GlobalSection(SolutionProperties) = preSolution
		HideSolutionNode = FALSE
	EndGlobalSection
	GlobalSection(ExtensibilityGlobals) = postSolution
		SolutionGuid = {7947AA72-3C6D-429D-8A3F-1D233966BBFC}
	EndGlobalSection
EndGlobal
